// !$*UTF8*$!
{
	archiveVersion = 1;
	classes = {
	};
	objectVersion = 46;
	objects = {

/* Begin PBXBuildFile section */
		BF0C9E7F1948652500B00DA5 /* Foundation.framework in Frameworks */ = {isa = PBXBuildFile; fileRef = BF0C9E7E1948652500B00DA5 /* Foundation.framework */; };
		BF0C9E811948652500B00DA5 /* CoreGraphics.framework in Frameworks */ = {isa = PBXBuildFile; fileRef = BF0C9E801948652500B00DA5 /* CoreGraphics.framework */; };
		BF0C9E831948652500B00DA5 /* UIKit.framework in Frameworks */ = {isa = PBXBuildFile; fileRef = BF0C9E821948652500B00DA5 /* UIKit.framework */; };
		BF0C9E891948652500B00DA5 /* InfoPlist.strings in Resources */ = {isa = PBXBuildFile; fileRef = BF0C9E871948652500B00DA5 /* InfoPlist.strings */; };
		BF0C9E8B1948652500B00DA5 /* main.m in Sources */ = {isa = PBXBuildFile; fileRef = BF0C9E8A1948652500B00DA5 /* main.m */; };
		BF0C9E8F1948652500B00DA5 /* ATAppDelegate.m in Sources */ = {isa = PBXBuildFile; fileRef = BF0C9E8E1948652500B00DA5 /* ATAppDelegate.m */; };
		BF0C9E921948652500B00DA5 /* Main.storyboard in Resources */ = {isa = PBXBuildFile; fileRef = BF0C9E901948652500B00DA5 /* Main.storyboard */; };
		BF0C9E951948652500B00DA5 /* ATViewController.m in Sources */ = {isa = PBXBuildFile; fileRef = BF0C9E941948652500B00DA5 /* ATViewController.m */; };
		BF0C9E971948652500B00DA5 /* Images.xcassets in Resources */ = {isa = PBXBuildFile; fileRef = BF0C9E961948652500B00DA5 /* Images.xcassets */; };
		BF0C9E9E1948652500B00DA5 /* XCTest.framework in Frameworks */ = {isa = PBXBuildFile; fileRef = BF0C9E9D1948652500B00DA5 /* XCTest.framework */; };
		BF0C9E9F1948652500B00DA5 /* Foundation.framework in Frameworks */ = {isa = PBXBuildFile; fileRef = BF0C9E7E1948652500B00DA5 /* Foundation.framework */; };
		BF0C9EA01948652500B00DA5 /* UIKit.framework in Frameworks */ = {isa = PBXBuildFile; fileRef = BF0C9E821948652500B00DA5 /* UIKit.framework */; };
		BF0C9EA81948652500B00DA5 /* InfoPlist.strings in Resources */ = {isa = PBXBuildFile; fileRef = BF0C9EA61948652500B00DA5 /* InfoPlist.strings */; };
		BF0C9EAA1948652500B00DA5 /* TPR_TesterTests.m in Sources */ = {isa = PBXBuildFile; fileRef = BF0C9EA91948652500B00DA5 /* TPR_TesterTests.m */; };
/* End PBXBuildFile section */

/* Begin PBXContainerItemProxy section */
		BF0C9EA11948652500B00DA5 /* PBXContainerItemProxy */ = {
			isa = PBXContainerItemProxy;
			containerPortal = BF0C9E731948652500B00DA5 /* Project object */;
			proxyType = 1;
			remoteGlobalIDString = BF0C9E7A1948652500B00DA5;
			remoteInfo = TPR_Tester;
		};
/* End PBXContainerItemProxy section */

/* Begin PBXFileReference section */
		BF0C9E7B1948652500B00DA5 /* TPR_Tester.app */ = {isa = PBXFileReference; explicitFileType = wrapper.application; includeInIndex = 0; path = TPR_Tester.app; sourceTree = BUILT_PRODUCTS_DIR; };
		BF0C9E7E1948652500B00DA5 /* Foundation.framework */ = {isa = PBXFileReference; lastKnownFileType = wrapper.framework; name = Foundation.framework; path = System/Library/Frameworks/Foundation.framework; sourceTree = SDKROOT; };
		BF0C9E801948652500B00DA5 /* CoreGraphics.framework */ = {isa = PBXFileReference; lastKnownFileType = wrapper.framework; name = CoreGraphics.framework; path = System/Library/Frameworks/CoreGraphics.framework; sourceTree = SDKROOT; };
		BF0C9E821948652500B00DA5 /* UIKit.framework */ = {isa = PBXFileReference; lastKnownFileType = wrapper.framework; name = UIKit.framework; path = System/Library/Frameworks/UIKit.framework; sourceTree = SDKROOT; };
		BF0C9E861948652500B00DA5 /* TPR_Tester-Info.plist */ = {isa = PBXFileReference; lastKnownFileType = text.plist.xml; path = "TPR_Tester-Info.plist"; sourceTree = "<group>"; };
		BF0C9E881948652500B00DA5 /* en */ = {isa = PBXFileReference; lastKnownFileType = text.plist.strings; name = en; path = en.lproj/InfoPlist.strings; sourceTree = "<group>"; };
		BF0C9E8A1948652500B00DA5 /* main.m */ = {isa = PBXFileReference; lastKnownFileType = sourcecode.c.objc; path = main.m; sourceTree = "<group>"; };
		BF0C9E8C1948652500B00DA5 /* TPR_Tester-Prefix.pch */ = {isa = PBXFileReference; lastKnownFileType = sourcecode.c.h; path = "TPR_Tester-Prefix.pch"; sourceTree = "<group>"; };
		BF0C9E8D1948652500B00DA5 /* ATAppDelegate.h */ = {isa = PBXFileReference; lastKnownFileType = sourcecode.c.h; path = ATAppDelegate.h; sourceTree = "<group>"; };
		BF0C9E8E1948652500B00DA5 /* ATAppDelegate.m */ = {isa = PBXFileReference; lastKnownFileType = sourcecode.c.objc; path = ATAppDelegate.m; sourceTree = "<group>"; };
		BF0C9E911948652500B00DA5 /* Base */ = {isa = PBXFileReference; lastKnownFileType = file.storyboard; name = Base; path = Base.lproj/Main.storyboard; sourceTree = "<group>"; };
		BF0C9E931948652500B00DA5 /* ATViewController.h */ = {isa = PBXFileReference; lastKnownFileType = sourcecode.c.h; path = ATViewController.h; sourceTree = "<group>"; };
		BF0C9E941948652500B00DA5 /* ATViewController.m */ = {isa = PBXFileReference; lastKnownFileType = sourcecode.c.objc; path = ATViewController.m; sourceTree = "<group>"; };
		BF0C9E961948652500B00DA5 /* Images.xcassets */ = {isa = PBXFileReference; lastKnownFileType = folder.assetcatalog; path = Images.xcassets; sourceTree = "<group>"; };
		BF0C9E9C1948652500B00DA5 /* TPR_TesterTests.xctest */ = {isa = PBXFileReference; explicitFileType = wrapper.cfbundle; includeInIndex = 0; path = TPR_TesterTests.xctest; sourceTree = BUILT_PRODUCTS_DIR; };
		BF0C9E9D1948652500B00DA5 /* XCTest.framework */ = {isa = PBXFileReference; lastKnownFileType = wrapper.framework; name = XCTest.framework; path = Library/Frameworks/XCTest.framework; sourceTree = DEVELOPER_DIR; };
		BF0C9EA51948652500B00DA5 /* TPR_TesterTests-Info.plist */ = {isa = PBXFileReference; lastKnownFileType = text.plist.xml; path = "TPR_TesterTests-Info.plist"; sourceTree = "<group>"; };
		BF0C9EA71948652500B00DA5 /* en */ = {isa = PBXFileReference; lastKnownFileType = text.plist.strings; name = en; path = en.lproj/InfoPlist.strings; sourceTree = "<group>"; };
		BF0C9EA91948652500B00DA5 /* TPR_TesterTests.m */ = {isa = PBXFileReference; lastKnownFileType = sourcecode.c.objc; path = TPR_TesterTests.m; sourceTree = "<group>"; };
/* End PBXFileReference section */

/* Begin PBXFrameworksBuildPhase section */
		BF0C9E781948652500B00DA5 /* Frameworks */ = {
			isa = PBXFrameworksBuildPhase;
			buildActionMask = 2147483647;
			files = (
				BF0C9E811948652500B00DA5 /* CoreGraphics.framework in Frameworks */,
				BF0C9E831948652500B00DA5 /* UIKit.framework in Frameworks */,
				BF0C9E7F1948652500B00DA5 /* Foundation.framework in Frameworks */,
			);
			runOnlyForDeploymentPostprocessing = 0;
		};
		BF0C9E991948652500B00DA5 /* Frameworks */ = {
			isa = PBXFrameworksBuildPhase;
			buildActionMask = 2147483647;
			files = (
				BF0C9E9E1948652500B00DA5 /* XCTest.framework in Frameworks */,
				BF0C9EA01948652500B00DA5 /* UIKit.framework in Frameworks */,
				BF0C9E9F1948652500B00DA5 /* Foundation.framework in Frameworks */,
			);
			runOnlyForDeploymentPostprocessing = 0;
		};
/* End PBXFrameworksBuildPhase section */

/* Begin PBXGroup section */
		BF0C9E721948652500B00DA5 = {
			isa = PBXGroup;
			children = (
				BF0C9E841948652500B00DA5 /* TPR_Tester */,
				BF0C9EA31948652500B00DA5 /* TPR_TesterTests */,
				BF0C9E7D1948652500B00DA5 /* Frameworks */,
				BF0C9E7C1948652500B00DA5 /* Products */,
			);
			sourceTree = "<group>";
		};
		BF0C9E7C1948652500B00DA5 /* Products */ = {
			isa = PBXGroup;
			children = (
				BF0C9E7B1948652500B00DA5 /* TPR_Tester.app */,
				BF0C9E9C1948652500B00DA5 /* TPR_TesterTests.xctest */,
			);
			name = Products;
			sourceTree = "<group>";
		};
		BF0C9E7D1948652500B00DA5 /* Frameworks */ = {
			isa = PBXGroup;
			children = (
				BF0C9E7E1948652500B00DA5 /* Foundation.framework */,
				BF0C9E801948652500B00DA5 /* CoreGraphics.framework */,
				BF0C9E821948652500B00DA5 /* UIKit.framework */,
				BF0C9E9D1948652500B00DA5 /* XCTest.framework */,
			);
			name = Frameworks;
			sourceTree = "<group>";
		};
		BF0C9E841948652500B00DA5 /* TPR_Tester */ = {
			isa = PBXGroup;
			children = (
				BF0C9E8D1948652500B00DA5 /* ATAppDelegate.h */,
				BF0C9E8E1948652500B00DA5 /* ATAppDelegate.m */,
				BF0C9E901948652500B00DA5 /* Main.storyboard */,
				BF0C9E931948652500B00DA5 /* ATViewController.h */,
				BF0C9E941948652500B00DA5 /* ATViewController.m */,
				BF0C9E961948652500B00DA5 /* Images.xcassets */,
				BF0C9E851948652500B00DA5 /* Supporting Files */,
			);
			path = TPR_Tester;
			sourceTree = "<group>";
		};
		BF0C9E851948652500B00DA5 /* Supporting Files */ = {
			isa = PBXGroup;
			children = (
				BF0C9E861948652500B00DA5 /* TPR_Tester-Info.plist */,
				BF0C9E871948652500B00DA5 /* InfoPlist.strings */,
				BF0C9E8A1948652500B00DA5 /* main.m */,
				BF0C9E8C1948652500B00DA5 /* TPR_Tester-Prefix.pch */,
			);
			name = "Supporting Files";
			sourceTree = "<group>";
		};
		BF0C9EA31948652500B00DA5 /* TPR_TesterTests */ = {
			isa = PBXGroup;
			children = (
				BF0C9EA91948652500B00DA5 /* TPR_TesterTests.m */,
				BF0C9EA41948652500B00DA5 /* Supporting Files */,
			);
			path = TPR_TesterTests;
			sourceTree = "<group>";
		};
		BF0C9EA41948652500B00DA5 /* Supporting Files */ = {
			isa = PBXGroup;
			children = (
				BF0C9EA51948652500B00DA5 /* TPR_TesterTests-Info.plist */,
				BF0C9EA61948652500B00DA5 /* InfoPlist.strings */,
			);
			name = "Supporting Files";
			sourceTree = "<group>";
		};
/* End PBXGroup section */

/* Begin PBXNativeTarget section */
		BF0C9E7A1948652500B00DA5 /* TPR_Tester */ = {
			isa = PBXNativeTarget;
			buildConfigurationList = BF0C9EAD1948652500B00DA5 /* Build configuration list for PBXNativeTarget "TPR_Tester" */;
			buildPhases = (
				BF0C9E771948652500B00DA5 /* Sources */,
				BF0C9E781948652500B00DA5 /* Frameworks */,
				BF0C9E791948652500B00DA5 /* Resources */,
			);
			buildRules = (
			);
			dependencies = (
			);
			name = TPR_Tester;
			productName = TPR_Tester;
			productReference = BF0C9E7B1948652500B00DA5 /* TPR_Tester.app */;
			productType = "com.apple.product-type.application";
		};
		BF0C9E9B1948652500B00DA5 /* TPR_TesterTests */ = {
			isa = PBXNativeTarget;
			buildConfigurationList = BF0C9EB01948652500B00DA5 /* Build configuration list for PBXNativeTarget "TPR_TesterTests" */;
			buildPhases = (
				BF0C9E981948652500B00DA5 /* Sources */,
				BF0C9E991948652500B00DA5 /* Frameworks */,
				BF0C9E9A1948652500B00DA5 /* Resources */,
			);
			buildRules = (
			);
			dependencies = (
				BF0C9EA21948652500B00DA5 /* PBXTargetDependency */,
			);
			name = TPR_TesterTests;
			productName = TPR_TesterTests;
			productReference = BF0C9E9C1948652500B00DA5 /* TPR_TesterTests.xctest */;
			productType = "com.apple.product-type.bundle.unit-test";
		};
/* End PBXNativeTarget section */

/* Begin PBXProject section */
		BF0C9E731948652500B00DA5 /* Project object */ = {
			isa = PBXProject;
			attributes = {
				CLASSPREFIX = AT;
				LastUpgradeCheck = 0510;
				ORGANIZATIONNAME = "Artem Tkachuk";
				TargetAttributes = {
					BF0C9E9B1948652500B00DA5 = {
						TestTargetID = BF0C9E7A1948652500B00DA5;
					};
				};
			};
			buildConfigurationList = BF0C9E761948652500B00DA5 /* Build configuration list for PBXProject "TPR_Tester" */;
			compatibilityVersion = "Xcode 3.2";
			developmentRegion = English;
			hasScannedForEncodings = 0;
			knownRegions = (
				en,
				Base,
			);
			mainGroup = BF0C9E721948652500B00DA5;
			productRefGroup = BF0C9E7C1948652500B00DA5 /* Products */;
			projectDirPath = "";
			projectRoot = "";
			targets = (
				BF0C9E7A1948652500B00DA5 /* TPR_Tester */,
				BF0C9E9B1948652500B00DA5 /* TPR_TesterTests */,
			);
		};
/* End PBXProject section */

/* Begin PBXResourcesBuildPhase section */
		BF0C9E791948652500B00DA5 /* Resources */ = {
			isa = PBXResourcesBuildPhase;
			buildActionMask = 2147483647;
			files = (
				BF0C9E971948652500B00DA5 /* Images.xcassets in Resources */,
				BF0C9E891948652500B00DA5 /* InfoPlist.strings in Resources */,
				BF0C9E921948652500B00DA5 /* Main.storyboard in Resources */,
			);
			runOnlyForDeploymentPostprocessing = 0;
		};
		BF0C9E9A1948652500B00DA5 /* Resources */ = {
			isa = PBXResourcesBuildPhase;
			buildActionMask = 2147483647;
			files = (
				BF0C9EA81948652500B00DA5 /* InfoPlist.strings in Resources */,
			);
			runOnlyForDeploymentPostprocessing = 0;
		};
/* End PBXResourcesBuildPhase section */

/* Begin PBXSourcesBuildPhase section */
		BF0C9E771948652500B00DA5 /* Sources */ = {
			isa = PBXSourcesBuildPhase;
			buildActionMask = 2147483647;
			files = (
				BF0C9E8B1948652500B00DA5 /* main.m in Sources */,
				BF0C9E951948652500B00DA5 /* ATViewController.m in Sources */,
				BF0C9E8F1948652500B00DA5 /* ATAppDelegate.m in Sources */,
			);
			runOnlyForDeploymentPostprocessing = 0;
		};
		BF0C9E981948652500B00DA5 /* Sources */ = {
			isa = PBXSourcesBuildPhase;
			buildActionMask = 2147483647;
			files = (
				BF0C9EAA1948652500B00DA5 /* TPR_TesterTests.m in Sources */,
			);
			runOnlyForDeploymentPostprocessing = 0;
		};
/* End PBXSourcesBuildPhase section */

/* Begin PBXTargetDependency section */
		BF0C9EA21948652500B00DA5 /* PBXTargetDependency */ = {
			isa = PBXTargetDependency;
			target = BF0C9E7A1948652500B00DA5 /* TPR_Tester */;
			targetProxy = BF0C9EA11948652500B00DA5 /* PBXContainerItemProxy */;
		};
/* End PBXTargetDependency section */

/* Begin PBXVariantGroup section */
		BF0C9E871948652500B00DA5 /* InfoPlist.strings */ = {
			isa = PBXVariantGroup;
			children = (
				BF0C9E881948652500B00DA5 /* en */,
			);
			name = InfoPlist.strings;
			sourceTree = "<group>";
		};
		BF0C9E901948652500B00DA5 /* Main.storyboard */ = {
			isa = PBXVariantGroup;
			children = (
				BF0C9E911948652500B00DA5 /* Base */,
			);
			name = Main.storyboard;
			sourceTree = "<group>";
		};
		BF0C9EA61948652500B00DA5 /* InfoPlist.strings */ = {
			isa = PBXVariantGroup;
			children = (
				BF0C9EA71948652500B00DA5 /* en */,
			);
			name = InfoPlist.strings;
			sourceTree = "<group>";
		};
/* End PBXVariantGroup section */

/* Begin XCBuildConfiguration section */
		BF0C9EAB1948652500B00DA5 /* Debug */ = {
			isa = XCBuildConfiguration;
			buildSettings = {
				ALWAYS_SEARCH_USER_PATHS = NO;
				CLANG_CXX_LANGUAGE_STANDARD = "gnu++0x";
				CLANG_CXX_LIBRARY = "libc++";
				CLANG_ENABLE_MODULES = YES;
				CLANG_ENABLE_OBJC_ARC = YES;
				CLANG_WARN_BOOL_CONVERSION = YES;
				CLANG_WARN_CONSTANT_CONVERSION = YES;
				CLANG_WARN_DIRECT_OBJC_ISA_USAGE = YES_ERROR;
				CLANG_WARN_EMPTY_BODY = YES;
				CLANG_WARN_ENUM_CONVERSION = YES;
				CLANG_WARN_INT_CONVERSION = YES;
				CLANG_WARN_OBJC_ROOT_CLASS = YES_ERROR;
				CLANG_WARN__DUPLICATE_METHOD_MATCH = YES;
				"CODE_SIGN_IDENTITY[sdk=iphoneos*]" = "iPhone Developer";
				COPY_PHASE_STRIP = NO;
				GCC_C_LANGUAGE_STANDARD = gnu99;
				GCC_DYNAMIC_NO_PIC = NO;
				GCC_OPTIMIZATION_LEVEL = 0;
				GCC_PREPROCESSOR_DEFINITIONS = (
					"DEBUG=1",
					"$(inherited)",
				);
				GCC_SYMBOLS_PRIVATE_EXTERN = NO;
				GCC_WARN_64_TO_32_BIT_CONVERSION = YES;
				GCC_WARN_ABOUT_RETURN_TYPE = YES_ERROR;
				GCC_WARN_UNDECLARED_SELECTOR = YES;
				GCC_WARN_UNINITIALIZED_AUTOS = YES_AGGRESSIVE;
				GCC_WARN_UNUSED_FUNCTION = YES;
				GCC_WARN_UNUSED_VARIABLE = YES;
				IPHONEOS_DEPLOYMENT_TARGET = 7.1;
				ONLY_ACTIVE_ARCH = YES;
				SDKROOT = iphoneos;
			};
			name = Debug;
		};
		BF0C9EAC1948652500B00DA5 /* Release */ = {
			isa = XCBuildConfiguration;
			buildSettings = {
				ALWAYS_SEARCH_USER_PATHS = NO;
				CLANG_CXX_LANGUAGE_STANDARD = "gnu++0x";
				CLANG_CXX_LIBRARY = "libc++";
				CLANG_ENABLE_MODULES = YES;
				CLANG_ENABLE_OBJC_ARC = YES;
				CLANG_WARN_BOOL_CONVERSION = YES;
				CLANG_WARN_CONSTANT_CONVERSION = YES;
				CLANG_WARN_DIRECT_OBJC_ISA_USAGE = YES_ERROR;
				CLANG_WARN_EMPTY_BODY = YES;
				CLANG_WARN_ENUM_CONVERSION = YES;
				CLANG_WARN_INT_CONVERSION = YES;
				CLANG_WARN_OBJC_ROOT_CLASS = YES_ERROR;
				CLANG_WARN__DUPLICATE_METHOD_MATCH = YES;
				"CODE_SIGN_IDENTITY[sdk=iphoneos*]" = "iPhone Developer";
				COPY_PHASE_STRIP = YES;
				ENABLE_NS_ASSERTIONS = NO;
				GCC_C_LANGUAGE_STANDARD = gnu99;
				GCC_WARN_64_TO_32_BIT_CONVERSION = YES;
				GCC_WARN_ABOUT_RETURN_TYPE = YES_ERROR;
				GCC_WARN_UNDECLARED_SELECTOR = YES;
				GCC_WARN_UNINITIALIZED_AUTOS = YES_AGGRESSIVE;
				GCC_WARN_UNUSED_FUNCTION = YES;
				GCC_WARN_UNUSED_VARIABLE = YES;
				IPHONEOS_DEPLOYMENT_TARGET = 7.1;
				SDKROOT = iphoneos;
				VALIDATE_PRODUCT = YES;
			};
			name = Release;
		};
		BF0C9EAE1948652500B00DA5 /* Debug */ = {
			isa = XCBuildConfiguration;
			buildSettings = {
				ASSETCATALOG_COMPILER_APPICON_NAME = AppIcon;
				ASSETCATALOG_COMPILER_LAUNCHIMAGE_NAME = LaunchImage;
				GCC_PRECOMPILE_PREFIX_HEADER = YES;
				GCC_PREFIX_HEADER = "TPR_Tester/TPR_Tester-Prefix.pch";
				INFOPLIST_FILE = "TPR_Tester/TPR_Tester-Info.plist";
				PRODUCT_NAME = "$(TARGET_NAME)";
				WRAPPER_EXTENSION = app;
			};
			name = Debug;
		};
		BF0C9EAF1948652500B00DA5 /* Release */ = {
			isa = XCBuildConfiguration;
			buildSettings = {
				ASSETCATALOG_COMPILER_APPICON_NAME = AppIcon;
				ASSETCATALOG_COMPILER_LAUNCHIMAGE_NAME = LaunchImage;
				GCC_PRECOMPILE_PREFIX_HEADER = YES;
				GCC_PREFIX_HEADER = "TPR_Tester/TPR_Tester-Prefix.pch";
				INFOPLIST_FILE = "TPR_Tester/TPR_Tester-Info.plist";
				PRODUCT_NAME = "$(TARGET_NAME)";
				WRAPPER_EXTENSION = app;
			};
			name = Release;
		};
		BF0C9EB11948652500B00DA5 /* Debug */ = {
			isa = XCBuildConfiguration;
			buildSettings = {
				BUNDLE_LOADER = "$(BUILT_PRODUCTS_DIR)/TPR_Tester.app/TPR_Tester";
				FRAMEWORK_SEARCH_PATHS = (
					"$(SDKROOT)/Developer/Library/Frameworks",
					"$(inherited)",
					"$(DEVELOPER_FRAMEWORKS_DIR)",
				);
				GCC_PRECOMPILE_PREFIX_HEADER = YES;
				GCC_PREFIX_HEADER = "TPR_Tester/TPR_Tester-Prefix.pch";
				GCC_PREPROCESSOR_DEFINITIONS = (
					"DEBUG=1",
					"$(inherited)",
				);
				INFOPLIST_FILE = "TPR_TesterTests/TPR_TesterTests-Info.plist";
				PRODUCT_NAME = "$(TARGET_NAME)";
				TEST_HOST = "$(BUNDLE_LOADER)";
				WRAPPER_EXTENSION = xctest;
			};
			name = Debug;
		};
		BF0C9EB21948652500B00DA5 /* Release */ = {
			isa = XCBuildConfiguration;
			buildSettings = {
				BUNDLE_LOADER = "$(BUILT_PRODUCTS_DIR)/TPR_Tester.app/TPR_Tester";
				FRAMEWORK_SEARCH_PATHS = (
					"$(SDKROOT)/Developer/Library/Frameworks",
					"$(inherited)",
					"$(DEVELOPER_FRAMEWORKS_DIR)",
				);
				GCC_PRECOMPILE_PREFIX_HEADER = YES;
				GCC_PREFIX_HEADER = "TPR_Tester/TPR_Tester-Prefix.pch";
				INFOPLIST_FILE = "TPR_TesterTests/TPR_TesterTests-Info.plist";
				PRODUCT_NAME = "$(TARGET_NAME)";
				TEST_HOST = "$(BUNDLE_LOADER)";
				WRAPPER_EXTENSION = xctest;
			};
			name = Release;
		};
/* End XCBuildConfiguration section */

/* Begin XCConfigurationList section */
		BF0C9E761948652500B00DA5 /* Build configuration list for PBXProject "TPR_Tester" */ = {
			isa = XCConfigurationList;
			buildConfigurations = (
				BF0C9EAB1948652500B00DA5 /* Debug */,
				BF0C9EAC1948652500B00DA5 /* Release */,
			);
			defaultConfigurationIsVisible = 0;
			defaultConfigurationName = Release;
		};
		BF0C9EAD1948652500B00DA5 /* Build configuration list for PBXNativeTarget "TPR_Tester" */ = {
			isa = XCConfigurationList;
			buildConfigurations = (
				BF0C9EAE1948652500B00DA5 /* Debug */,
				BF0C9EAF1948652500B00DA5 /* Release */,
			);
			defaultConfigurationIsVisible = 0;
		};
		BF0C9EB01948652500B00DA5 /* Build configuration list for PBXNativeTarget "TPR_TesterTests" */ = {
			isa = XCConfigurationList;
			buildConfigurations = (
				BF0C9EB11948652500B00DA5 /* Debug */,
				BF0C9EB21948652500B00DA5 /* Release */,
			);
			defaultConfigurationIsVisible = 0;
		};
/* End XCConfigurationList section */
	};
	rootObject = BF0C9E731948652500B00DA5 /* Project object */;
}
